
Microsoft Visual Studio Solution File, Format Version 12.00
# Visual Studio 15
Project("{FAE04EC0-301F-11D3-BF4B-00C04F79EFBC}") = "Unity.Timeline", "Unity.Timeline.csproj", "{CB58A6A6-D2E9-8684-19F7-8EC9B62EE7E2}"
EndProject
Project("{FAE04EC0-301F-11D3-BF4B-00C04F79EFBC}") = "Unity.PlasticSCM.Editor", "Unity.PlasticSCM.Editor.csproj", "{3D1A0882-F961-C520-0EE1-EFD52F48060F}"
EndProject
Project("{FAE04EC0-301F-11D3-BF4B-00C04F79EFBC}") = "Unity.Mathematics", "Unity.Mathematics.csproj", "{99F0E1B2-59DA-A896-B5C0-B48457514F09}"
EndProject
Project("{FAE04EC0-301F-11D3-BF4B-00C04F79EFBC}") = "Unity.Timeline.Editor", "Unity.Timeline.Editor.csproj", "{24F5F057-5A31-3BAB-A9A9-4CA42C3E29CF}"
EndProject
Project("{FAE04EC0-301F-11D3-BF4B-00C04F79EFBC}") = "Unity.Collections", "Unity.Collections.csproj", "{7082C595-95BC-0194-0F8B-F72B1150B28E}"
EndProject
Project("{FAE04EC0-301F-11D3-BF4B-00C04F79EFBC}") = "Unity.VisualScripting.Core.Editor", "Unity.VisualScripting.Core.Editor.csproj", "{4E93AC78-0EC1-5444-7A65-9CCB9573E9A5}"
EndProject
Project("{FAE04EC0-301F-11D3-BF4B-00C04F79EFBC}") = "Unity.PerformanceTesting.Editor", "Unity.PerformanceTesting.Editor.csproj", "{4EAB3A73-E298-AF9E-6102-4DA3E96C4163}"
EndProject
Project("{FAE04EC0-301F-11D3-BF4B-00C04F79EFBC}") = "Unity.Burst", "Unity.Burst.csproj", "{7BE534C7-D92F-963F-EF78-3B68F6A35299}"
EndProject
Project("{FAE04EC0-301F-11D3-BF4B-00C04F79EFBC}") = "Unity.VisualScripting.Flow.Editor", "Unity.VisualScripting.Flow.Editor.csproj", "{592C13BC-B44A-D2A5-3ACD-8AA14B7B8A72}"
EndProject
Project("{FAE04EC0-301F-11D3-BF4B-00C04F79EFBC}") = "Unity.VisualStudio.Editor", "Unity.VisualStudio.Editor.csproj", "{DF5B1963-FD86-68D9-822B-71B65AB801D9}"
EndProject
Project("{FAE04EC0-301F-11D3-BF4B-00C04F79EFBC}") = "Unity.InputSystem", "Unity.InputSystem.csproj", "{D0854EA8-6D53-1DE3-B203-F457AC61D810}"
EndProject
Project("{FAE04EC0-301F-11D3-BF4B-00C04F79EFBC}") = "Unity.Searcher.Editor", "Unity.Searcher.Editor.csproj", "{7DF4E3EF-7A81-516D-ACB3-7DF8CE77FEA3}"
EndProject
Project("{FAE04EC0-301F-11D3-BF4B-00C04F79EFBC}") = "Unity.VisualScripting.Core", "Unity.VisualScripting.Core.csproj", "{1DB1C1FC-68C8-6C90-7C13-C5BD5D879C7A}"
EndProject
Project("{FAE04EC0-301F-11D3-BF4B-00C04F79EFBC}") = "Unity.AI.Navigation.Editor.ConversionSystem", "Unity.AI.Navigation.Editor.ConversionSystem.csproj", "{67EB7700-FB66-BCDD-6AA4-7EE32A53CB07}"
EndProject
Project("{FAE04EC0-301F-11D3-BF4B-00C04F79EFBC}") = "Unity.VisualScripting.State.Editor", "Unity.VisualScripting.State.Editor.csproj", "{043EFA7B-3CC4-225B-88A9-83116AA8B7A9}"
EndProject
Project("{FAE04EC0-301F-11D3-BF4B-00C04F79EFBC}") = "Unity.Burst.CodeGen", "Unity.Burst.CodeGen.csproj", "{F67FC231-A04D-3B12-E3D3-5E06E34A0112}"
EndProject
Project("{FAE04EC0-301F-11D3-BF4B-00C04F79EFBC}") = "Unity.VisualScripting.Flow", "Unity.VisualScripting.Flow.csproj", "{646F9C8F-2F1C-3846-069B-6BC33B564B66}"
EndProject
Project("{FAE04EC0-301F-11D3-BF4B-00C04F79EFBC}") = "Unity.PerformanceTesting", "Unity.PerformanceTesting.csproj", "{9DB9DAF4-5D3C-83A4-B5EF-CC10521E671D}"
EndProject
Project("{FAE04EC0-301F-11D3-BF4B-00C04F79EFBC}") = "Unity.Burst.Editor", "Unity.Burst.Editor.csproj", "{805FDB08-64A2-E590-EF4E-C83802AC8FE2}"
EndProject
Project("{FAE04EC0-301F-11D3-BF4B-00C04F79EFBC}") = "Unity.Rider.Editor", "Unity.Rider.Editor.csproj", "{71A329D3-F817-6B6F-764C-A6BBE4B6E800}"
EndProject
Project("{FAE04EC0-301F-11D3-BF4B-00C04F79EFBC}") = "Unity.VisualScripting.State", "Unity.VisualScripting.State.csproj", "{022D1C9E-8C67-1A0C-0775-4B4515E3D6DE}"
EndProject
Project("{FAE04EC0-301F-11D3-BF4B-00C04F79EFBC}") = "Unity.AI.Navigation.Updater", "Unity.AI.Navigation.Updater.csproj", "{C4581708-5506-1037-DDA1-DFD267B507EB}"
EndProject
Project("{FAE04EC0-301F-11D3-BF4B-00C04F79EFBC}") = "Unity.AI.Navigation.Editor", "Unity.AI.Navigation.Editor.csproj", "{322734C5-02C5-6FF9-9F6A-5E71851321D4}"
EndProject
Project("{FAE04EC0-301F-11D3-BF4B-00C04F79EFBC}") = "Unity.InputSystem.ForUI", "Unity.InputSystem.ForUI.csproj", "{8EB25735-DF77-F30E-6514-B718A1127FC0}"
EndProject
Project("{FAE04EC0-301F-11D3-BF4B-00C04F79EFBC}") = "Unity.AI.Navigation", "Unity.AI.Navigation.csproj", "{8CE41C71-540E-EBC9-6634-4ACA33D95E7E}"
EndProject
Project("{FAE04EC0-301F-11D3-BF4B-00C04F79EFBC}") = "Unity.Collections.CodeGen", "Unity.Collections.CodeGen.csproj", "{63DC7A4E-6AF0-9AFC-E09C-0E70FEC6C6B1}"
EndProject
Project("{FAE04EC0-301F-11D3-BF4B-00C04F79EFBC}") = "Unity.Mathematics.Editor", "Unity.Mathematics.Editor.csproj", "{F5360DFF-702E-8153-25BE-CE55184DEC00}"
EndProject
Project("{FAE04EC0-301F-11D3-BF4B-00C04F79EFBC}") = "Unity.VisualScripting.SettingsProvider.Editor", "Unity.VisualScripting.SettingsProvider.Editor.csproj", "{020E7FD7-1C5D-A9AC-97F0-BC0F4E980FDD}"
EndProject
Project("{FAE04EC0-301F-11D3-BF4B-00C04F79EFBC}") = "Assembly-CSharp-Editor", "Assembly-CSharp-Editor.csproj", "{85528684-BF84-3DBD-9A3E-30C9F3106103}"
EndProject
Project("{FAE04EC0-301F-11D3-BF4B-00C04F79EFBC}") = "Unity.InputSystem.TestFramework", "Unity.InputSystem.TestFramework.csproj", "{E31F2B6A-48DD-6FDE-EF36-F1CCA9119FB9}"
EndProject
Project("{FAE04EC0-301F-11D3-BF4B-00C04F79EFBC}") = "Unity.VisualScripting.Shared.Editor", "Unity.VisualScripting.Shared.Editor.csproj", "{3FCE6B6E-5579-80A9-C267-EF74C45A5611}"
EndProject
Project("{FAE04EC0-301F-11D3-BF4B-00C04F79EFBC}") = "Unity.CollabProxy.Editor", "Unity.CollabProxy.Editor.csproj", "{0EAE0672-C5EF-202F-E3A7-37C987145481}"
EndProject
Project("{FAE04EC0-301F-11D3-BF4B-00C04F79EFBC}") = "Unity.InputSystem.DocCodeSamples", "Unity.InputSystem.DocCodeSamples.csproj", "{8F45461C-3074-3BBE-2A2E-51638D3B6669}"
EndProject
Project("{FAE04EC0-301F-11D3-BF4B-00C04F79EFBC}") = "Assembly-CSharp", "Assembly-CSharp.csproj", "{A46B6AE0-5D4B-E6BD-F582-D2BAC8BB54AC}"
EndProject
Project("{FAE04EC0-301F-11D3-BF4B-00C04F79EFBC}") = "Unity.PlasticSCM.Editor.Entities", "Unity.PlasticSCM.Editor.Entities.csproj", "{9040ABA7-E393-190E-178A-DC9615889159}"
EndProject
Project("{FAE04EC0-301F-11D3-BF4B-00C04F79EFBC}") = "Unity.Collections.Editor", "Unity.Collections.Editor.csproj", "{2A99FE43-A6B6-614B-9B29-2F73441B9EC2}"
EndProject
Global
	GlobalSection(SolutionConfigurationPlatforms) = preSolution
		Debug|Any CPU = Debug|Any CPU
		Release|Any CPU = Release|Any CPU
	EndGlobalSection
	GlobalSection(ProjectConfigurationPlatforms) = postSolution
		{CB58A6A6-D2E9-8684-19F7-8EC9B62EE7E2}.Debug|Any CPU.ActiveCfg = Debug|Any CPU
		{CB58A6A6-D2E9-8684-19F7-8EC9B62EE7E2}.Debug|Any CPU.Build.0 = Debug|Any CPU
		{CB58A6A6-D2E9-8684-19F7-8EC9B62EE7E2}.Release|Any CPU.ActiveCfg = Release|Any CPU
		{CB58A6A6-D2E9-8684-19F7-8EC9B62EE7E2}.Release|Any CPU.Build.0 = Release|Any CPU
		{3D1A0882-F961-C520-0EE1-EFD52F48060F}.Debug|Any CPU.ActiveCfg = Debug|Any CPU
		{3D1A0882-F961-C520-0EE1-EFD52F48060F}.Debug|Any CPU.Build.0 = Debug|Any CPU
		{3D1A0882-F961-C520-0EE1-EFD52F48060F}.Release|Any CPU.ActiveCfg = Release|Any CPU
		{3D1A0882-F961-C520-0EE1-EFD52F48060F}.Release|Any CPU.Build.0 = Release|Any CPU
		{99F0E1B2-59DA-A896-B5C0-B48457514F09}.Debug|Any CPU.ActiveCfg = Debug|Any CPU
		{99F0E1B2-59DA-A896-B5C0-B48457514F09}.Debug|Any CPU.Build.0 = Debug|Any CPU
		{99F0E1B2-59DA-A896-B5C0-B48457514F09}.Release|Any CPU.ActiveCfg = Release|Any CPU
		{99F0E1B2-59DA-A896-B5C0-B48457514F09}.Release|Any CPU.Build.0 = Release|Any CPU
		{24F5F057-5A31-3BAB-A9A9-4CA42C3E29CF}.Debug|Any CPU.ActiveCfg = Debug|Any CPU
		{24F5F057-5A31-3BAB-A9A9-4CA42C3E29CF}.Debug|Any CPU.Build.0 = Debug|Any CPU
		{24F5F057-5A31-3BAB-A9A9-4CA42C3E29CF}.Release|Any CPU.ActiveCfg = Release|Any CPU
		{24F5F057-5A31-3BAB-A9A9-4CA42C3E29CF}.Release|Any CPU.Build.0 = Release|Any CPU
		{7082C595-95BC-0194-0F8B-F72B1150B28E}.Debug|Any CPU.ActiveCfg = Debug|Any CPU
		{7082C595-95BC-0194-0F8B-F72B1150B28E}.Debug|Any CPU.Build.0 = Debug|Any CPU
		{7082C595-95BC-0194-0F8B-F72B1150B28E}.Release|Any CPU.ActiveCfg = Release|Any CPU
		{7082C595-95BC-0194-0F8B-F72B1150B28E}.Release|Any CPU.Build.0 = Release|Any CPU
		{4E93AC78-0EC1-5444-7A65-9CCB9573E9A5}.Debug|Any CPU.ActiveCfg = Debug|Any CPU
		{4E93AC78-0EC1-5444-7A65-9CCB9573E9A5}.Debug|Any CPU.Build.0 = Debug|Any CPU
		{4E93AC78-0EC1-5444-7A65-9CCB9573E9A5}.Release|Any CPU.ActiveCfg = Release|Any CPU
		{4E93AC78-0EC1-5444-7A65-9CCB9573E9A5}.Release|Any CPU.Build.0 = Release|Any CPU
		{4EAB3A73-E298-AF9E-6102-4DA3E96C4163}.Debug|Any CPU.ActiveCfg = Debug|Any CPU
		{4EAB3A73-E298-AF9E-6102-4DA3E96C4163}.Debug|Any CPU.Build.0 = Debug|Any CPU
		{4EAB3A73-E298-AF9E-6102-4DA3E96C4163}.Release|Any CPU.ActiveCfg = Release|Any CPU
		{4EAB3A73-E298-AF9E-6102-4DA3E96C4163}.Release|Any CPU.Build.0 = Release|Any CPU
		{7BE534C7-D92F-963F-EF78-3B68F6A35299}.Debug|Any CPU.ActiveCfg = Debug|Any CPU
		{7BE534C7-D92F-963F-EF78-3B68F6A35299}.Debug|Any CPU.Build.0 = Debug|Any CPU
		{7BE534C7-D92F-963F-EF78-3B68F6A35299}.Release|Any CPU.ActiveCfg = Release|Any CPU
		{7BE534C7-D92F-963F-EF78-3B68F6A35299}.Release|Any CPU.Build.0 = Release|Any CPU
		{592C13BC-B44A-D2A5-3ACD-8AA14B7B8A72}.Debug|Any CPU.ActiveCfg = Debug|Any CPU
		{592C13BC-B44A-D2A5-3ACD-8AA14B7B8A72}.Debug|Any CPU.Build.0 = Debug|Any CPU
		{592C13BC-B44A-D2A5-3ACD-8AA14B7B8A72}.Release|Any CPU.ActiveCfg = Release|Any CPU
		{592C13BC-B44A-D2A5-3ACD-8AA14B7B8A72}.Release|Any CPU.Build.0 = Release|Any CPU
		{DF5B1963-FD86-68D9-822B-71B65AB801D9}.Debug|Any CPU.ActiveCfg = Debug|Any CPU
		{DF5B1963-FD86-68D9-822B-71B65AB801D9}.Debug|Any CPU.Build.0 = Debug|Any CPU
		{DF5B1963-FD86-68D9-822B-71B65AB801D9}.Release|Any CPU.ActiveCfg = Release|Any CPU
		{DF5B1963-FD86-68D9-822B-71B65AB801D9}.Release|Any CPU.Build.0 = Release|Any CPU
		{D0854EA8-6D53-1DE3-B203-F457AC61D810}.Debug|Any CPU.ActiveCfg = Debug|Any CPU
		{D0854EA8-6D53-1DE3-B203-F457AC61D810}.Debug|Any CPU.Build.0 = Debug|Any CPU
		{D0854EA8-6D53-1DE3-B203-F457AC61D810}.Release|Any CPU.ActiveCfg = Release|Any CPU
		{D0854EA8-6D53-1DE3-B203-F457AC61D810}.Release|Any CPU.Build.0 = Release|Any CPU
		{7DF4E3EF-7A81-516D-ACB3-7DF8CE77FEA3}.Debug|Any CPU.ActiveCfg = Debug|Any CPU
		{7DF4E3EF-7A81-516D-ACB3-7DF8CE77FEA3}.Debug|Any CPU.Build.0 = Debug|Any CPU
		{7DF4E3EF-7A81-516D-ACB3-7DF8CE77FEA3}.Release|Any CPU.ActiveCfg = Release|Any CPU
		{7DF4E3EF-7A81-516D-ACB3-7DF8CE77FEA3}.Release|Any CPU.Build.0 = Release|Any CPU
		{1DB1C1FC-68C8-6C90-7C13-C5BD5D879C7A}.Debug|Any CPU.ActiveCfg = Debug|Any CPU
		{1DB1C1FC-68C8-6C90-7C13-C5BD5D879C7A}.Debug|Any CPU.Build.0 = Debug|Any CPU
		{1DB1C1FC-68C8-6C90-7C13-C5BD5D879C7A}.Release|Any CPU.ActiveCfg = Release|Any CPU
		{1DB1C1FC-68C8-6C90-7C13-C5BD5D879C7A}.Release|Any CPU.Build.0 = Release|Any CPU
		{67EB7700-FB66-BCDD-6AA4-7EE32A53CB07}.Debug|Any CPU.ActiveCfg = Debug|Any CPU
		{67EB7700-FB66-BCDD-6AA4-7EE32A53CB07}.Debug|Any CPU.Build.0 = Debug|Any CPU
		{67EB7700-FB66-BCDD-6AA4-7EE32A53CB07}.Release|Any CPU.ActiveCfg = Release|Any CPU
		{67EB7700-FB66-BCDD-6AA4-7EE32A53CB07}.Release|Any CPU.Build.0 = Release|Any CPU
		{043EFA7B-3CC4-225B-88A9-83116AA8B7A9}.Debug|Any CPU.ActiveCfg = Debug|Any CPU
		{043EFA7B-3CC4-225B-88A9-83116AA8B7A9}.Debug|Any CPU.Build.0 = Debug|Any CPU
		{043EFA7B-3CC4-225B-88A9-83116AA8B7A9}.Release|Any CPU.ActiveCfg = Release|Any CPU
		{043EFA7B-3CC4-225B-88A9-83116AA8B7A9}.Release|Any CPU.Build.0 = Release|Any CPU
		{F67FC231-A04D-3B12-E3D3-5E06E34A0112}.Debug|Any CPU.ActiveCfg = Debug|Any CPU
		{F67FC231-A04D-3B12-E3D3-5E06E34A0112}.Debug|Any CPU.Build.0 = Debug|Any CPU
		{F67FC231-A04D-3B12-E3D3-5E06E34A0112}.Release|Any CPU.ActiveCfg = Release|Any CPU
		{F67FC231-A04D-3B12-E3D3-5E06E34A0112}.Release|Any CPU.Build.0 = Release|Any CPU
		{646F9C8F-2F1C-3846-069B-6BC33B564B66}.Debug|Any CPU.ActiveCfg = Debug|Any CPU
		{646F9C8F-2F1C-3846-069B-6BC33B564B66}.Debug|Any CPU.Build.0 = Debug|Any CPU
		{646F9C8F-2F1C-3846-069B-6BC33B564B66}.Release|Any CPU.ActiveCfg = Release|Any CPU
		{646F9C8F-2F1C-3846-069B-6BC33B564B66}.Release|Any CPU.Build.0 = Release|Any CPU
		{9DB9DAF4-5D3C-83A4-B5EF-CC10521E671D}.Debug|Any CPU.ActiveCfg = Debug|Any CPU
		{9DB9DAF4-5D3C-83A4-B5EF-CC10521E671D}.Debug|Any CPU.Build.0 = Debug|Any CPU
		{9DB9DAF4-5D3C-83A4-B5EF-CC10521E671D}.Release|Any CPU.ActiveCfg = Release|Any CPU
		{9DB9DAF4-5D3C-83A4-B5EF-CC10521E671D}.Release|Any CPU.Build.0 = Release|Any CPU
		{805FDB08-64A2-E590-EF4E-C83802AC8FE2}.Debug|Any CPU.ActiveCfg = Debug|Any CPU
		{805FDB08-64A2-E590-EF4E-C83802AC8FE2}.Debug|Any CPU.Build.0 = Debug|Any CPU
		{805FDB08-64A2-E590-EF4E-C83802AC8FE2}.Release|Any CPU.ActiveCfg = Release|Any CPU
		{805FDB08-64A2-E590-EF4E-C83802AC8FE2}.Release|Any CPU.Build.0 = Release|Any CPU
		{71A329D3-F817-6B6F-764C-A6BBE4B6E800}.Debug|Any CPU.ActiveCfg = Debug|Any CPU
		{71A329D3-F817-6B6F-764C-A6BBE4B6E800}.Debug|Any CPU.Build.0 = Debug|Any CPU
		{71A329D3-F817-6B6F-764C-A6BBE4B6E800}.Release|Any CPU.ActiveCfg = Release|Any CPU
		{71A329D3-F817-6B6F-764C-A6BBE4B6E800}.Release|Any CPU.Build.0 = Release|Any CPU
		{022D1C9E-8C67-1A0C-0775-4B4515E3D6DE}.Debug|Any CPU.ActiveCfg = Debug|Any CPU
		{022D1C9E-8C67-1A0C-0775-4B4515E3D6DE}.Debug|Any CPU.Build.0 = Debug|Any CPU
		{022D1C9E-8C67-1A0C-0775-4B4515E3D6DE}.Release|Any CPU.ActiveCfg = Release|Any CPU
		{022D1C9E-8C67-1A0C-0775-4B4515E3D6DE}.Release|Any CPU.Build.0 = Release|Any CPU
		{C4581708-5506-1037-DDA1-DFD267B507EB}.Debug|Any CPU.ActiveCfg = Debug|Any CPU
		{C4581708-5506-1037-DDA1-DFD267B507EB}.Debug|Any CPU.Build.0 = Debug|Any CPU
		{C4581708-5506-1037-DDA1-DFD267B507EB}.Release|Any CPU.ActiveCfg = Release|Any CPU
		{C4581708-5506-1037-DDA1-DFD267B507EB}.Release|Any CPU.Build.0 = Release|Any CPU
		{322734C5-02C5-6FF9-9F6A-5E71851321D4}.Debug|Any CPU.ActiveCfg = Debug|Any CPU
		{322734C5-02C5-6FF9-9F6A-5E71851321D4}.Debug|Any CPU.Build.0 = Debug|Any CPU
		{322734C5-02C5-6FF9-9F6A-5E71851321D4}.Release|Any CPU.ActiveCfg = Release|Any CPU
		{322734C5-02C5-6FF9-9F6A-5E71851321D4}.Release|Any CPU.Build.0 = Release|Any CPU
		{8EB25735-DF77-F30E-6514-B718A1127FC0}.Debug|Any CPU.ActiveCfg = Debug|Any CPU
		{8EB25735-DF77-F30E-6514-B718A1127FC0}.Debug|Any CPU.Build.0 = Debug|Any CPU
		{8EB25735-DF77-F30E-6514-B718A1127FC0}.Release|Any CPU.ActiveCfg = Release|Any CPU
		{8EB25735-DF77-F30E-6514-B718A1127FC0}.Release|Any CPU.Build.0 = Release|Any CPU
		{8CE41C71-540E-EBC9-6634-4ACA33D95E7E}.Debug|Any CPU.ActiveCfg = Debug|Any CPU
		{8CE41C71-540E-EBC9-6634-4ACA33D95E7E}.Debug|Any CPU.Build.0 = Debug|Any CPU
		{8CE41C71-540E-EBC9-6634-4ACA33D95E7E}.Release|Any CPU.ActiveCfg = Release|Any CPU
		{8CE41C71-540E-EBC9-6634-4ACA33D95E7E}.Release|Any CPU.Build.0 = Release|Any CPU
		{63DC7A4E-6AF0-9AFC-E09C-0E70FEC6C6B1}.Debug|Any CPU.ActiveCfg = Debug|Any CPU
		{63DC7A4E-6AF0-9AFC-E09C-0E70FEC6C6B1}.Debug|Any CPU.Build.0 = Debug|Any CPU
		{63DC7A4E-6AF0-9AFC-E09C-0E70FEC6C6B1}.Release|Any CPU.ActiveCfg = Release|Any CPU
		{63DC7A4E-6AF0-9AFC-E09C-0E70FEC6C6B1}.Release|Any CPU.Build.0 = Release|Any CPU
		{F5360DFF-702E-8153-25BE-CE55184DEC00}.Debug|Any CPU.ActiveCfg = Debug|Any CPU
		{F5360DFF-702E-8153-25BE-CE55184DEC00}.Debug|Any CPU.Build.0 = Debug|Any CPU
		{F5360DFF-702E-8153-25BE-CE55184DEC00}.Release|Any CPU.ActiveCfg = Release|Any CPU
		{F5360DFF-702E-8153-25BE-CE55184DEC00}.Release|Any CPU.Build.0 = Release|Any CPU
		{020E7FD7-1C5D-A9AC-97F0-BC0F4E980FDD}.Debug|Any CPU.ActiveCfg = Debug|Any CPU
		{020E7FD7-1C5D-A9AC-97F0-BC0F4E980FDD}.Debug|Any CPU.Build.0 = Debug|Any CPU
		{020E7FD7-1C5D-A9AC-97F0-BC0F4E980FDD}.Release|Any CPU.ActiveCfg = Release|Any CPU
		{020E7FD7-1C5D-A9AC-97F0-BC0F4E980FDD}.Release|Any CPU.Build.0 = Release|Any CPU
		{85528684-BF84-3DBD-9A3E-30C9F3106103}.Debug|Any CPU.ActiveCfg = Debug|Any CPU
		{85528684-BF84-3DBD-9A3E-30C9F3106103}.Debug|Any CPU.Build.0 = Debug|Any CPU
		{85528684-BF84-3DBD-9A3E-30C9F3106103}.Release|Any CPU.ActiveCfg = Release|Any CPU
		{85528684-BF84-3DBD-9A3E-30C9F3106103}.Release|Any CPU.Build.0 = Release|Any CPU
		{E31F2B6A-48DD-6FDE-EF36-F1CCA9119FB9}.Debug|Any CPU.ActiveCfg = Debug|Any CPU
		{E31F2B6A-48DD-6FDE-EF36-F1CCA9119FB9}.Debug|Any CPU.Build.0 = Debug|Any CPU
		{E31F2B6A-48DD-6FDE-EF36-F1CCA9119FB9}.Release|Any CPU.ActiveCfg = Release|Any CPU
		{E31F2B6A-48DD-6FDE-EF36-F1CCA9119FB9}.Release|Any CPU.Build.0 = Release|Any CPU
		{3FCE6B6E-5579-80A9-C267-EF74C45A5611}.Debug|Any CPU.ActiveCfg = Debug|Any CPU
		{3FCE6B6E-5579-80A9-C267-EF74C45A5611}.Debug|Any CPU.Build.0 = Debug|Any CPU
		{3FCE6B6E-5579-80A9-C267-EF74C45A5611}.Release|Any CPU.ActiveCfg = Release|Any CPU
		{3FCE6B6E-5579-80A9-C267-EF74C45A5611}.Release|Any CPU.Build.0 = Release|Any CPU
		{0EAE0672-C5EF-202F-E3A7-37C987145481}.Debug|Any CPU.ActiveCfg = Debug|Any CPU
		{0EAE0672-C5EF-202F-E3A7-37C987145481}.Debug|Any CPU.Build.0 = Debug|Any CPU
		{0EAE0672-C5EF-202F-E3A7-37C987145481}.Release|Any CPU.ActiveCfg = Release|Any CPU
		{0EAE0672-C5EF-202F-E3A7-37C987145481}.Release|Any CPU.Build.0 = Release|Any CPU
		{8F45461C-3074-3BBE-2A2E-51638D3B6669}.Debug|Any CPU.ActiveCfg = Debug|Any CPU
		{8F45461C-3074-3BBE-2A2E-51638D3B6669}.Debug|Any CPU.Build.0 = Debug|Any CPU
		{8F45461C-3074-3BBE-2A2E-51638D3B6669}.Release|Any CPU.ActiveCfg = Release|Any CPU
		{8F45461C-3074-3BBE-2A2E-51638D3B6669}.Release|Any CPU.Build.0 = Release|Any CPU
		{A46B6AE0-5D4B-E6BD-F582-D2BAC8BB54AC}.Debug|Any CPU.ActiveCfg = Debug|Any CPU
		{A46B6AE0-5D4B-E6BD-F582-D2BAC8BB54AC}.Debug|Any CPU.Build.0 = Debug|Any CPU
		{A46B6AE0-5D4B-E6BD-F582-D2BAC8BB54AC}.Release|Any CPU.ActiveCfg = Release|Any CPU
		{A46B6AE0-5D4B-E6BD-F582-D2BAC8BB54AC}.Release|Any CPU.Build.0 = Release|Any CPU
		{9040ABA7-E393-190E-178A-DC9615889159}.Debug|Any CPU.ActiveCfg = Debug|Any CPU
		{9040ABA7-E393-190E-178A-DC9615889159}.Debug|Any CPU.Build.0 = Debug|Any CPU
		{9040ABA7-E393-190E-178A-DC9615889159}.Release|Any CPU.ActiveCfg = Release|Any CPU
		{9040ABA7-E393-190E-178A-DC9615889159}.Release|Any CPU.Build.0 = Release|Any CPU
		{2A99FE43-A6B6-614B-9B29-2F73441B9EC2}.Debug|Any CPU.ActiveCfg = Debug|Any CPU
		{2A99FE43-A6B6-614B-9B29-2F73441B9EC2}.Debug|Any CPU.Build.0 = Debug|Any CPU
		{2A99FE43-A6B6-614B-9B29-2F73441B9EC2}.Release|Any CPU.ActiveCfg = Release|Any CPU
		{2A99FE43-A6B6-614B-9B29-2F73441B9EC2}.Release|Any CPU.Build.0 = Release|Any CPU
	EndGlobalSection
	GlobalSection(SolutionProperties) = preSolution
		HideSolutionNode = FALSE
	EndGlobalSection
EndGlobal
